// !$*UTF8*$!
{
	archiveVersion = 1;
	classes = {
	};
	objectVersion = 77;
	objects = {

/* Begin PBXContainerItemProxy section */
		90AE40A32DEF04170043E37D /* PBXContainerItemProxy */ = {
			isa = PBXContainerItemProxy;
			containerPortal = 90AE408D2DEF04140043E37D /* Project object */;
			proxyType = 1;
			remoteGlobalIDString = 90AE40942DEF04140043E37D;
			remoteInfo = MovieListAssessment;
		};
		90AE40AD2DEF04170043E37D /* PBXContainerItemProxy */ = {
			isa = PBXContainerItemProxy;
			containerPortal = 90AE408D2DEF04140043E37D /* Project object */;
			proxyType = 1;
			remoteGlobalIDString = 90AE40942DEF04140043E37D;
			remoteInfo = MovieListAssessment;
		};
/* End PBXContainerItemProxy section */

/* Begin PBXFileReference section */
		90AE40952DEF04140043E37D /* MovieListAssessment.app */ = {isa = PBXFileReference; explicitFileType = wrapper.application; includeInIndex = 0; path = MovieListAssessment.app; sourceTree = BUILT_PRODUCTS_DIR; };
		90AE40A22DEF04170043E37D /* MovieListAssessmentTests.xctest */ = {isa = PBXFileReference; explicitFileType = wrapper.cfbundle; includeInIndex = 0; path = MovieListAssessmentTests.xctest; sourceTree = BUILT_PRODUCTS_DIR; };
		90AE40AC2DEF04170043E37D /* MovieListAssessmentUITests.xctest */ = {isa = PBXFileReference; explicitFileType = wrapper.cfbundle; includeInIndex = 0; path = MovieListAssessmentUITests.xctest; sourceTree = BUILT_PRODUCTS_DIR; };
		90AE413A2DEF16830043E37D /* APIKeys.xcconfig */ = {isa = PBXFileReference; lastKnownFileType = text.xcconfig; path = APIKeys.xcconfig; sourceTree = "<group>"; };
/* End PBXFileReference section */

/* Begin PBXFileSystemSynchronizedBuildFileExceptionSet section */
		90AE41412DEF188A0043E37D /* Exceptions for "MovieListAssessment" folder in "MovieListAssessment" target */ = {
			isa = PBXFileSystemSynchronizedBuildFileExceptionSet;
			membershipExceptions = (
				Info.plist,
			);
			target = 90AE40942DEF04140043E37D /* MovieListAssessment */;
		};
/* End PBXFileSystemSynchronizedBuildFileExceptionSet section */

/* Begin PBXFileSystemSynchronizedRootGroup section */
		90AE40972DEF04140043E37D /* MovieListAssessment */ = {
			isa = PBXFileSystemSynchronizedRootGroup;
			exceptions = (
				90AE41412DEF188A0043E37D /* Exceptions for "MovieListAssessment" folder in "MovieListAssessment" target */,
			);
			path = MovieListAssessment;
			sourceTree = "<group>";
		};
		90AE40A52DEF04170043E37D /* MovieListAssessmentTests */ = {
			isa = PBXFileSystemSynchronizedRootGroup;
			path = MovieListAssessmentTests;
			sourceTree = "<group>";
		};
/* End PBXFileSystemSynchronizedRootGroup section */

/* Begin PBXFrameworksBuildPhase section */
		90AE40922DEF04140043E37D /* Frameworks */ = {
			isa = PBXFrameworksBuildPhase;
			buildActionMask = 2147483647;
			files = (
			);
			runOnlyForDeploymentPostprocessing = 0;
		};
		90AE409F2DEF04170043E37D /* Frameworks */ = {
			isa = PBXFrameworksBuildPhase;
			buildActionMask = 2147483647;
			files = (
			);
			runOnlyForDeploymentPostprocessing = 0;
		};
		90AE40A92DEF04170043E37D /* Frameworks */ = {
			isa = PBXFrameworksBuildPhase;
			buildActionMask = 2147483647;
			files = (
			);
			runOnlyForDeploymentPostprocessing = 0;
		};
/* End PBXFrameworksBuildPhase section */

/* Begin PBXGroup section */
		90AE408C2DEF04140043E37D = {
			isa = PBXGroup;
			children = (
				90AE40972DEF04140043E37D /* MovieListAssessment */,
				90AE40A52DEF04170043E37D /* MovieListAssessmentTests */,
				90AE40962DEF04140043E37D /* Products */,
				90AE414C2DEF69310043E37D /* Recovered References */,
			);
			sourceTree = "<group>";
		};
		90AE40962DEF04140043E37D /* Products */ = {
			isa = PBXGroup;
			children = (
				90AE40952DEF04140043E37D /* MovieListAssessment.app */,
				90AE40A22DEF04170043E37D /* MovieListAssessmentTests.xctest */,
				90AE40AC2DEF04170043E37D /* MovieListAssessmentUITests.xctest */,
			);
			name = Products;
			sourceTree = "<group>";
		};
		90AE414C2DEF69310043E37D /* Recovered References */ = {
			isa = PBXGroup;
			children = (
				90AE413A2DEF16830043E37D /* APIKeys.xcconfig */,
			);
			name = "Recovered References";
			sourceTree = "<group>";
		};
/* End PBXGroup section */

/* Begin PBXNativeTarget section */
		90AE40942DEF04140043E37D /* MovieListAssessment */ = {
			isa = PBXNativeTarget;
			buildConfigurationList = 90AE40B62DEF04170043E37D /* Build configuration list for PBXNativeTarget "MovieListAssessment" */;
			buildPhases = (
				90AE40912DEF04140043E37D /* Sources */,
				90AE40922DEF04140043E37D /* Frameworks */,
				90AE40932DEF04140043E37D /* Resources */,
			);
			buildRules = (
			);
			dependencies = (
			);
			fileSystemSynchronizedGroups = (
				90AE40972DEF04140043E37D /* MovieListAssessment */,
			);
			name = MovieListAssessment;
			packageProductDependencies = (
			);
			productName = MovieListAssessment;
			productReference = 90AE40952DEF04140043E37D /* MovieListAssessment.app */;
			productType = "com.apple.product-type.application";
		};
		90AE40A12DEF04170043E37D /* MovieListAssessmentTests */ = {
			isa = PBXNativeTarget;
			buildConfigurationList = 90AE40B92DEF04170043E37D /* Build configuration list for PBXNativeTarget "MovieListAssessmentTests" */;
			buildPhases = (
				90AE409E2DEF04170043E37D /* Sources */,
				90AE409F2DEF04170043E37D /* Frameworks */,
				90AE40A02DEF04170043E37D /* Resources */,
			);
			buildRules = (
			);
			dependencies = (
				90AE40A42DEF04170043E37D /* PBXTargetDependency */,
			);
			fileSystemSynchronizedGroups = (
				90AE40A52DEF04170043E37D /* MovieListAssessmentTests */,
			);
			name = MovieListAssessmentTests;
			packageProductDependencies = (
			);
			productName = MovieListAssessmentTests;
			productReference = 90AE40A22DEF04170043E37D /* MovieListAssessmentTests.xctest */;
			productType = "com.apple.product-type.bundle.unit-test";
		};
		90AE40AB2DEF04170043E37D /* MovieListAssessmentUITests */ = {
			isa = PBXNativeTarget;
			buildConfigurationList = 90AE40BC2DEF04170043E37D /* Build configuration list for PBXNativeTarget "MovieListAssessmentUITests" */;
			buildPhases = (
				90AE40A82DEF04170043E37D /* Sources */,
				90AE40A92DEF04170043E37D /* Frameworks */,
				90AE40AA2DEF04170043E37D /* Resources */,
			);
			buildRules = (
			);
			dependencies = (
				90AE40AE2DEF04170043E37D /* PBXTargetDependency */,
			);
			name = MovieListAssessmentUITests;
			packageProductDependencies = (
			);
			productName = MovieListAssessmentUITests;
			productReference = 90AE40AC2DEF04170043E37D /* MovieListAssessmentUITests.xctest */;
			productType = "com.apple.product-type.bundle.ui-testing";
		};
/* End PBXNativeTarget section */

/* Begin PBXProject section */
		90AE408D2DEF04140043E37D /* Project object */ = {
			isa = PBXProject;
			attributes = {
				BuildIndependentTargetsInParallel = 1;
				LastSwiftUpdateCheck = 1630;
				LastUpgradeCheck = 1630;
				TargetAttributes = {
					90AE40942DEF04140043E37D = {
						CreatedOnToolsVersion = 16.3;
					};
					90AE40A12DEF04170043E37D = {
						CreatedOnToolsVersion = 16.3;
						TestTargetID = 90AE40942DEF04140043E37D;
					};
					90AE40AB2DEF04170043E37D = {
						CreatedOnToolsVersion = 16.3;
						TestTargetID = 90AE40942DEF04140043E37D;
					};
				};
			};
			buildConfigurationList = 90AE40902DEF04140043E37D /* Build configuration list for PBXProject "MovieListAssessment" */;
			developmentRegion = en;
			hasScannedForEncodings = 0;
			knownRegions = (
				en,
				Base,
			);
			mainGroup = 90AE408C2DEF04140043E37D;
			minimizedProjectReferenceProxies = 1;
			packageReferences = (
			);
			preferredProjectObjectVersion = 77;
			productRefGroup = 90AE40962DEF04140043E37D /* Products */;
			projectDirPath = "";
			projectRoot = "";
			targets = (
				90AE40942DEF04140043E37D /* MovieListAssessment */,
				90AE40A12DEF04170043E37D /* MovieListAssessmentTests */,
				90AE40AB2DEF04170043E37D /* MovieListAssessmentUITests */,
			);
		};
/* End PBXProject section */

/* Begin PBXResourcesBuildPhase section */
		90AE40932DEF04140043E37D /* Resources */ = {
			isa = PBXResourcesBuildPhase;
			buildActionMask = 2147483647;
			files = (
			);
			runOnlyForDeploymentPostprocessing = 0;
		};
		90AE40A02DEF04170043E37D /* Resources */ = {
			isa = PBXResourcesBuildPhase;
			buildActionMask = 2147483647;
			files = (
			);
			runOnlyForDeploymentPostprocessing = 0;
		};
		90AE40AA2DEF04170043E37D /* Resources */ = {
			isa = PBXResourcesBuildPhase;
			buildActionMask = 2147483647;
			files = (
			);
			runOnlyForDeploymentPostprocessing = 0;
		};
/* End PBXResourcesBuildPhase section */

/* Begin PBXSourcesBuildPhase section */
		90AE40912DEF04140043E37D /* Sources */ = {
			isa = PBXSourcesBuildPhase;
			buildActionMask = 2147483647;
			files = (
			);
			runOnlyForDeploymentPostprocessing = 0;
		};
		90AE409E2DEF04170043E37D /* Sources */ = {
			isa = PBXSourcesBuildPhase;
			buildActionMask = 2147483647;
			files = (
			);
			runOnlyForDeploymentPostprocessing = 0;
		};
		90AE40A82DEF04170043E37D /* Sources */ = {
			isa = PBXSourcesBuildPhase;
			buildActionMask = 2147483647;
			files = (
			);
			runOnlyForDeploymentPostprocessing = 0;
		};
/* End PBXSourcesBuildPhase section */

/* Begin PBXTargetDependency section */
		90AE40A42DEF04170043E37D /* PBXTargetDependency */ = {
			isa = PBXTargetDependency;
			target = 90AE40942DEF04140043E37D /* MovieListAssessment */;
			targetProxy = 90AE40A32DEF04170043E37D /* PBXContainerItemProxy */;
		};
		90AE40AE2DEF04170043E37D /* PBXTargetDependency */ = {
			isa = PBXTargetDependency;
			target = 90AE40942DEF04140043E37D /* MovieListAssessment */;
			targetProxy = 90AE40AD2DEF04170043E37D /* PBXContainerItemProxy */;
		};
/* End PBXTargetDependency section */

/* Begin XCBuildConfiguration section */
		90AE40B42DEF04170043E37D /* Debug */ = {
			isa = XCBuildConfiguration;
			buildSettings = {
				ALWAYS_SEARCH_USER_PATHS = NO;
				ASSETCATALOG_COMPILER_GENERATE_SWIFT_ASSET_SYMBOL_EXTENSIONS = YES;
				CLANG_ANALYZER_NONNULL = YES;
				CLANG_ANALYZER_NUMBER_OBJECT_CONVERSION = YES_AGGRESSIVE;
				CLANG_CXX_LANGUAGE_STANDARD = "gnu++20";
				CLANG_ENABLE_MODULES = YES;
				CLANG_ENABLE_OBJC_ARC = YES;
				CLANG_ENABLE_OBJC_WEAK = YES;
				CLANG_WARN_BLOCK_CAPTURE_AUTORELEASING = YES;
				CLANG_WARN_BOOL_CONVERSION = YES;
				CLANG_WARN_COMMA = YES;
				CLANG_WARN_CONSTANT_CONVERSION = YES;
				CLANG_WARN_DEPRECATED_OBJC_IMPLEMENTATIONS = YES;
				CLANG_WARN_DIRECT_OBJC_ISA_USAGE = YES_ERROR;
				CLANG_WARN_DOCUMENTATION_COMMENTS = YES;
				CLANG_WARN_EMPTY_BODY = YES;
				CLANG_WARN_ENUM_CONVERSION = YES;
				CLANG_WARN_INFINITE_RECURSION = YES;
				CLANG_WARN_INT_CONVERSION = YES;
				CLANG_WARN_NON_LITERAL_NULL_CONVERSION = YES;
				CLANG_WARN_OBJC_IMPLICIT_RETAIN_SELF = YES;
				CLANG_WARN_OBJC_LITERAL_CONVERSION = YES;
				CLANG_WARN_OBJC_ROOT_CLASS = YES_ERROR;
				CLANG_WARN_QUOTED_INCLUDE_IN_FRAMEWORK_HEADER = YES;
				CLANG_WARN_RANGE_LOOP_ANALYSIS = YES;
				CLANG_WARN_STRICT_PROTOTYPES = YES;
				CLANG_WARN_SUSPICIOUS_MOVE = YES;
				CLANG_WARN_UNGUARDED_AVAILABILITY = YES_AGGRESSIVE;
				CLANG_WARN_UNREACHABLE_CODE = YES;
				CLANG_WARN__DUPLICATE_METHOD_MATCH = YES;
				COPY_PHASE_STRIP = NO;
				DEBUG_INFORMATION_FORMAT = dwarf;
				ENABLE_STRICT_OBJC_MSGSEND = YES;
				ENABLE_TESTABILITY = YES;
				ENABLE_USER_SCRIPT_SANDBOXING = YES;
				GCC_C_LANGUAGE_STANDARD = gnu17;
				GCC_DYNAMIC_NO_PIC = NO;
				GCC_NO_COMMON_BLOCKS = YES;
				GCC_OPTIMIZATION_LEVEL = 0;
				GCC_PREPROCESSOR_DEFINITIONS = (
					"DEBUG=1",
					"$(inherited)",
				);
				GCC_WARN_64_TO_32_BIT_CONVERSION = YES;
				GCC_WARN_ABOUT_RETURN_TYPE = YES_ERROR;
				GCC_WARN_UNDECLARED_SELECTOR = YES;
				GCC_WARN_UNINITIALIZED_AUTOS = YES_AGGRESSIVE;
				GCC_WARN_UNUSED_FUNCTION = YES;
				GCC_WARN_UNUSED_VARIABLE = YES;
				IPHONEOS_DEPLOYMENT_TARGET = 18.4;
				LOCALIZATION_PREFERS_STRING_CATALOGS = YES;
				MTL_ENABLE_DEBUG_INFO = INCLUDE_SOURCE;
				MTL_FAST_MATH = YES;
				ONLY_ACTIVE_ARCH = YES;
				SDKROOT = iphoneos;
				SWIFT_ACTIVE_COMPILATION_CONDITIONS = "DEBUG $(inherited)";
				SWIFT_OPTIMIZATION_LEVEL = "-Onone";
			};
			name = Debug;
		};
		90AE40B52DEF04170043E37D /* Release */ = {
			isa = XCBuildConfiguration;
			buildSettings = {
				ALWAYS_SEARCH_USER_PATHS = NO;
				ASSETCATALOG_COMPILER_GENERATE_SWIFT_ASSET_SYMBOL_EXTENSIONS = YES;
				CLANG_ANALYZER_NONNULL = YES;
				CLANG_ANALYZER_NUMBER_OBJECT_CONVERSION = YES_AGGRESSIVE;
				CLANG_CXX_LANGUAGE_STANDARD = "gnu++20";
				CLANG_ENABLE_MODULES = YES;
				CLANG_ENABLE_OBJC_ARC = YES;
				CLANG_ENABLE_OBJC_WEAK = YES;
				CLANG_WARN_BLOCK_CAPTURE_AUTORELEASING = YES;
				CLANG_WARN_BOOL_CONVERSION = YES;
				CLANG_WARN_COMMA = YES;
				CLANG_WARN_CONSTANT_CONVERSION = YES;
				CLANG_WARN_DEPRECATED_OBJC_IMPLEMENTATIONS = YES;
				CLANG_WARN_DIRECT_OBJC_ISA_USAGE = YES_ERROR;
				CLANG_WARN_DOCUMENTATION_COMMENTS = YES;
				CLANG_WARN_EMPTY_BODY = YES;
				CLANG_WARN_ENUM_CONVERSION = YES;
				CLANG_WARN_INFINITE_RECURSION = YES;
				CLANG_WARN_INT_CONVERSION = YES;
				CLANG_WARN_NON_LITERAL_NULL_CONVERSION = YES;
				CLANG_WARN_OBJC_IMPLICIT_RETAIN_SELF = YES;
				CLANG_WARN_OBJC_LITERAL_CONVERSION = YES;
				CLANG_WARN_OBJC_ROOT_CLASS = YES_ERROR;
				CLANG_WARN_QUOTED_INCLUDE_IN_FRAMEWORK_HEADER = YES;
				CLANG_WARN_RANGE_LOOP_ANALYSIS = YES;
				CLANG_WARN_STRICT_PROTOTYPES = YES;
				CLANG_WARN_SUSPICIOUS_MOVE = YES;
				CLANG_WARN_UNGUARDED_AVAILABILITY = YES_AGGRESSIVE;
				CLANG_WARN_UNREACHABLE_CODE = YES;
				CLANG_WARN__DUPLICATE_METHOD_MATCH = YES;
				COPY_PHASE_STRIP = NO;
				DEBUG_INFORMATION_FORMAT = "dwarf-with-dsym";
				ENABLE_NS_ASSERTIONS = NO;
				ENABLE_STRICT_OBJC_MSGSEND = YES;
				ENABLE_USER_SCRIPT_SANDBOXING = YES;
				GCC_C_LANGUAGE_STANDARD = gnu17;
				GCC_NO_COMMON_BLOCKS = YES;
				GCC_WARN_64_TO_32_BIT_CONVERSION = YES;
				GCC_WARN_ABOUT_RETURN_TYPE = YES_ERROR;
				GCC_WARN_UNDECLARED_SELECTOR = YES;
				GCC_WARN_UNINITIALIZED_AUTOS = YES_AGGRESSIVE;
				GCC_WARN_UNUSED_FUNCTION = YES;
				GCC_WARN_UNUSED_VARIABLE = YES;
				IPHONEOS_DEPLOYMENT_TARGET = 18.4;
				LOCALIZATION_PREFERS_STRING_CATALOGS = YES;
				MTL_ENABLE_DEBUG_INFO = NO;
				MTL_FAST_MATH = YES;
				SDKROOT = iphoneos;
				SWIFT_COMPILATION_MODE = wholemodule;
				VALIDATE_PRODUCT = YES;
			};
			name = Release;
		};
		90AE40B72DEF04170043E37D /* Debug */ = {
			isa = XCBuildConfiguration;
			baseConfigurationReferenceAnchor = 90AE40972DEF04140043E37D /* MovieListAssessment */;
			baseConfigurationReferenceRelativePath = APIKeys.xcconfig;
			buildSettings = {
				ASSETCATALOG_COMPILER_APPICON_NAME = AppIcon;
				ASSETCATALOG_COMPILER_GLOBAL_ACCENT_COLOR_NAME = AccentColor;
				CODE_SIGN_STYLE = Automatic;
				CURRENT_PROJECT_VERSION = 1;
				ENABLE_PREVIEWS = YES;
				GENERATE_INFOPLIST_FILE = YES;
				INFOPLIST_FILE = MovieListAssessment/Info.plist;
				INFOPLIST_KEY_UIApplicationSceneManifest_Generation = YES;
				INFOPLIST_KEY_UIApplicationSupportsIndirectInputEvents = YES;
				INFOPLIST_KEY_UILaunchScreen_Generation = YES;
				INFOPLIST_KEY_UISupportedInterfaceOrientations_iPad = "UIInterfaceOrientationPortrait UIInterfaceOrientationPortraitUpsideDown UIInterfaceOrientationLandscapeLeft UIInterfaceOrientationLandscapeRight";
				INFOPLIST_KEY_UISupportedInterfaceOrientations_iPhone = "UIInterfaceOrientationPortrait UIInterfaceOrientationLandscapeLeft UIInterfaceOrientationLandscapeRight";
				LD_RUNPATH_SEARCH_PATHS = (
					"$(inherited)",
					"@executable_path/Frameworks",
				);
				MARKETING_VERSION = 1.0;
				PRODUCT_BUNDLE_IDENTIFIER = will.MovieListAssessment;
				PRODUCT_NAME = "$(TARGET_NAME)";
				SWIFT_EMIT_LOC_STRINGS = YES;
				SWIFT_VERSION = 5.0;
				TARGETED_DEVICE_FAMILY = "1,2";
			};
			name = Debug;
		};
		90AE40B82DEF04170043E37D /* Release */ = {
			isa = XCBuildConfiguration;
			baseConfigurationReferenceAnchor = 90AE40972DEF04140043E37D /* MovieListAssessment */;
			baseConfigurationReferenceRelativePath = APIKeys.xcconfig;
			buildSettings = {
				ASSETCATALOG_COMPILER_APPICON_NAME = AppIcon;
				ASSETCATALOG_COMPILER_GLOBAL_ACCENT_COLOR_NAME = AccentColor;
				CODE_SIGN_STYLE = Automatic;
				CURRENT_PROJECT_VERSION = 1;
				ENABLE_PREVIEWS = YES;
				GENERATE_INFOPLIST_FILE = YES;
				INFOPLIST_FILE = MovieListAssessment/Info.plist;
				INFOPLIST_KEY_UIApplicationSceneManifest_Generation = YES;
				INFOPLIST_KEY_UIApplicationSupportsIndirectInputEvents = YES;
				INFOPLIST_KEY_UILaunchScreen_Generation = YES;
				INFOPLIST_KEY_UISupportedInterfaceOrientations_iPad = "UIInterfaceOrientationPortrait UIInterfaceOrientationPortraitUpsideDown UIInterfaceOrientationLandscapeLeft UIInterfaceOrientationLandscapeRight";
				INFOPLIST_KEY_UISupportedInterfaceOrientations_iPhone = "UIInterfaceOrientationPortrait UIInterfaceOrientationLandscapeLeft UIInterfaceOrientationLandscapeRight";
				LD_RUNPATH_SEARCH_PATHS = (
					"$(inherited)",
					"@executable_path/Frameworks",
				);
				MARKETING_VERSION = 1.0;
				PRODUCT_BUNDLE_IDENTIFIER = will.MovieListAssessment;
				PRODUCT_NAME = "$(TARGET_NAME)";
				SWIFT_EMIT_LOC_STRINGS = YES;
				SWIFT_VERSION = 5.0;
				TARGETED_DEVICE_FAMILY = "1,2";
			};
			name = Release;
		};
		90AE40BA2DEF04170043E37D /* Debug */ = {
			isa = XCBuildConfiguration;
			buildSettings = {
				BUNDLE_LOADER = "$(TEST_HOST)";
				CODE_SIGN_STYLE = Automatic;
				CURRENT_PROJECT_VERSION = 1;
				GENERATE_INFOPLIST_FILE = YES;
				IPHONEOS_DEPLOYMENT_TARGET = 18.4;
				MARKETING_VERSION = 1.0;
				PRODUCT_BUNDLE_IDENTIFIER = will.MovieListAssessmentTests;
				PRODUCT_NAME = "$(TARGET_NAME)";
				SWIFT_EMIT_LOC_STRINGS = NO;
				SWIFT_VERSION = 5.0;
				TARGETED_DEVICE_FAMILY = "1,2";
				TEST_HOST = "$(BUILT_PRODUCTS_DIR)/MovieListAssessment.app/$(BUNDLE_EXECUTABLE_FOLDER_PATH)/MovieListAssessment";
			};
			name = Debug;
		};
		90AE40BB2DEF04170043E37D /* Release */ = {
			isa = XCBuildConfiguration;
			buildSettings = {
				BUNDLE_LOADER = "$(TEST_HOST)";
				CODE_SIGN_STYLE = Automatic;
				CURRENT_PROJECT_VERSION = 1;
				GENERATE_INFOPLIST_FILE = YES;
				IPHONEOS_DEPLOYMENT_TARGET = 18.4;
				MARKETING_VERSION = 1.0;
				PRODUCT_BUNDLE_IDENTIFIER = will.MovieListAssessmentTests;
				PRODUCT_NAME = "$(TARGET_NAME)";
				SWIFT_EMIT_LOC_STRINGS = NO;
				SWIFT_VERSION = 5.0;
				TARGETED_DEVICE_FAMILY = "1,2";
				TEST_HOST = "$(BUILT_PRODUCTS_DIR)/MovieListAssessment.app/$(BUNDLE_EXECUTABLE_FOLDER_PATH)/MovieListAssessment";
			};
			name = Release;
		};
		90AE40BD2DEF04170043E37D /* Debug */ = {
			isa = XCBuildConfiguration;
			buildSettings = {
				CODE_SIGN_STYLE = Automatic;
				CURRENT_PROJECT_VERSION = 1;
				GENERATE_INFOPLIST_FILE = YES;
				MARKETING_VERSION = 1.0;
				PRODUCT_BUNDLE_IDENTIFIER = will.MovieListAssessmentUITests;
				PRODUCT_NAME = "$(TARGET_NAME)";
				SWIFT_EMIT_LOC_STRINGS = NO;
				SWIFT_VERSION = 5.0;
				TARGETED_DEVICE_FAMILY = "1,2";
				TEST_TARGET_NAME = MovieListAssessment;
			};
			name = Debug;
		};
		90AE40BE2DEF04170043E37D /* Release */ = {
			isa = XCBuildConfiguration;
			buildSettings = {
				CODE_SIGN_STYLE = Automatic;
				CURRENT_PROJECT_VERSION = 1;
				GENERATE_INFOPLIST_FILE = YES;
				MARKETING_VERSION = 1.0;
				PRODUCT_BUNDLE_IDENTIFIER = will.MovieListAssessmentUITests;
				PRODUCT_NAME = "$(TARGET_NAME)";
				SWIFT_EMIT_LOC_STRINGS = NO;
				SWIFT_VERSION = 5.0;
				TARGETED_DEVICE_FAMILY = "1,2";
				TEST_TARGET_NAME = MovieListAssessment;
			};
			name = Release;
		};
/* End XCBuildConfiguration section */

/* Begin XCConfigurationList section */
		90AE40902DEF04140043E37D /* Build configuration list for PBXProject "MovieListAssessment" */ = {
			isa = XCConfigurationList;
			buildConfigurations = (
				90AE40B42DEF04170043E37D /* Debug */,
				90AE40B52DEF04170043E37D /* Release */,
			);
			defaultConfigurationIsVisible = 0;
			defaultConfigurationName = Release;
		};
		90AE40B62DEF04170043E37D /* Build configuration list for PBXNativeTarget "MovieListAssessment" */ = {
			isa = XCConfigurationList;
			buildConfigurations = (
				90AE40B72DEF04170043E37D /* Debug */,
				90AE40B82DEF04170043E37D /* Release */,
			);
			defaultConfigurationIsVisible = 0;
			defaultConfigurationName = Release;
		};
		90AE40B92DEF04170043E37D /* Build configuration list for PBXNativeTarget "MovieListAssessmentTests" */ = {
			isa = XCConfigurationList;
			buildConfigurations = (
				90AE40BA2DEF04170043E37D /* Debug */,
				90AE40BB2DEF04170043E37D /* Release */,
			);
			defaultConfigurationIsVisible = 0;
			defaultConfigurationName = Release;
		};
		90AE40BC2DEF04170043E37D /* Build configuration list for PBXNativeTarget "MovieListAssessmentUITests" */ = {
			isa = XCConfigurationList;
			buildConfigurations = (
				90AE40BD2DEF04170043E37D /* Debug */,
				90AE40BE2DEF04170043E37D /* Release */,
			);
			defaultConfigurationIsVisible = 0;
			defaultConfigurationName = Release;
		};
/* End XCConfigurationList section */
	};
	rootObject = 90AE408D2DEF04140043E37D /* Project object */;
}
